
Microsoft Visual Studio Solution File, Format Version 12.00
# Visual Studio Version 17
VisualStudioVersion = 17.6.33829.357
MinimumVisualStudioVersion = 10.0.40219.1
Project("{FAE04EC0-301F-11D3-BF4B-00C04F79EFBC}") = "WPFDataGridEdit", "WPFDataGridEdit.csproj", "{25179662-D7C8-41DA-9A58-6D009C3188BF}"
EndProject
Global
	GlobalSection(SolutionConfigurationPlatforms) = preSolution
		Debug|Any CPU = Debug|Any CPU
		Release|Any CPU = Release|Any CPU
	EndGlobalSection
	GlobalSection(ProjectConfigurationPlatforms) = postSolution
		{25179662-D7C8-41DA-9A58-6D009C3188BF}.Debug|Any CPU.ActiveCfg = Debug|Any CPU
		{25179662-D7C8-41DA-9A58-6D009C3188BF}.Debug|Any CPU.Build.0 = Debug|Any CPU
		{25179662-D7C8-41DA-9A58-6D009C3188BF}.Release|Any CPU.ActiveCfg = Release|Any CPU
		{25179662-D7C8-41DA-9A58-6D009C3188BF}.Release|Any CPU.Build.0 = Release|Any CPU
	EndGlobalSection
	GlobalSection(SolutionProperties) = preSolution
		HideSolutionNode = FALSE
	EndGlobalSection
	GlobalSection(ExtensibilityGlobals) = postSolution
		SolutionGuid = {3CA6B5E1-837F-4E5A-9C71-5D461104E6B7}
	EndGlobalSection
EndGlobal
